
Microsoft Visual Studio Solution File, Format Version 12.00
# Visual Studio Version 17
VisualStudioVersion = 17.9.34728.123
MinimumVisualStudioVersion = 10.0.40219.1
Project("{FAE04EC0-301F-11D3-BF4B-00C04F79EFBC}") = "BECamp_T13_HW2_Aspnet-AI", "BECamp_T13_HW2_Aspnet-AI.csproj", "{86425359-8C58-4AB5-B2D5-4BB870C6C99C}"
EndProject
Global
	GlobalSection(SolutionConfigurationPlatforms) = preSolution
		Debug|Any CPU = Debug|Any CPU
		Release|Any CPU = Release|Any CPU
	EndGlobalSection
	GlobalSection(ProjectConfigurationPlatforms) = postSolution
		{86425359-8C58-4AB5-B2D5-4BB870C6C99C}.Debug|Any CPU.ActiveCfg = Debug|Any CPU
		{86425359-8C58-4AB5-B2D5-4BB870C6C99C}.Debug|Any CPU.Build.0 = Debug|Any CPU
		{86425359-8C58-4AB5-B2D5-4BB870C6C99C}.Release|Any CPU.ActiveCfg = Release|Any CPU
		{86425359-8C58-4AB5-B2D5-4BB870C6C99C}.Release|Any CPU.Build.0 = Release|Any CPU
	EndGlobalSection
	GlobalSection(SolutionProperties) = preSolution
		HideSolutionNode = FALSE
	EndGlobalSection
	GlobalSection(ExtensibilityGlobals) = postSolution
		SolutionGuid = {3BAC8646-A697-47B9-97F2-495A4E07EAEE}
	EndGlobalSection
EndGlobal
